
Microsoft Visual Studio Solution File, Format Version 12.00
# Visual Studio Version 17
VisualStudioVersion = 17.11.35327.3
MinimumVisualStudioVersion = 10.0.40219.1
Project("{FAE04EC0-301F-11D3-BF4B-00C04F79EFBC}") = "AuthBoilerplateWebApi", "AuthBoilerplate\AuthBoilerplateWebApi.csproj", "{801CF476-086A-4E6C-90AD-E3AFF8312504}"
EndProject
Project("{FAE04EC0-301F-11D3-BF4B-00C04F79EFBC}") = "AuthBoilerplateApplication", "AuthBoilerplateApplication\AuthBoilerplateApplication.csproj", "{381BB09A-6467-487A-940D-99CDE76E2963}"
EndProject
Project("{FAE04EC0-301F-11D3-BF4B-00C04F79EFBC}") = "AuthBoilerplateDomain", "AuthBoilerplateDomain\AuthBoilerplateDomain.csproj", "{FCA17CB1-63DB-4762-8DC2-BAE711B8A997}"
EndProject
Project("{FAE04EC0-301F-11D3-BF4B-00C04F79EFBC}") = "AuthBoilerplateInfrastructure", "AuthBoilerplateInfrastructure\AuthBoilerplateInfrastructure.csproj", "{63E590A2-95A2-41AF-BECE-19032B65B2F7}"
EndProject
Project("{FAE04EC0-301F-11D3-BF4B-00C04F79EFBC}") = "AuthBoilerplateAuthentication", "AuthBoilerplateAuthentication\AuthBoilerplateAuthentication.csproj", "{8537134B-B8E9-4E81-BF77-C16D0695BF3D}"
EndProject
Global
	GlobalSection(SolutionConfigurationPlatforms) = preSolution
		Debug|Any CPU = Debug|Any CPU
		Release|Any CPU = Release|Any CPU
	EndGlobalSection
	GlobalSection(ProjectConfigurationPlatforms) = postSolution
		{801CF476-086A-4E6C-90AD-E3AFF8312504}.Debug|Any CPU.ActiveCfg = Debug|Any CPU
		{801CF476-086A-4E6C-90AD-E3AFF8312504}.Debug|Any CPU.Build.0 = Debug|Any CPU
		{801CF476-086A-4E6C-90AD-E3AFF8312504}.Release|Any CPU.ActiveCfg = Release|Any CPU
		{801CF476-086A-4E6C-90AD-E3AFF8312504}.Release|Any CPU.Build.0 = Release|Any CPU
		{381BB09A-6467-487A-940D-99CDE76E2963}.Debug|Any CPU.ActiveCfg = Debug|Any CPU
		{381BB09A-6467-487A-940D-99CDE76E2963}.Debug|Any CPU.Build.0 = Debug|Any CPU
		{381BB09A-6467-487A-940D-99CDE76E2963}.Release|Any CPU.ActiveCfg = Release|Any CPU
		{381BB09A-6467-487A-940D-99CDE76E2963}.Release|Any CPU.Build.0 = Release|Any CPU
		{FCA17CB1-63DB-4762-8DC2-BAE711B8A997}.Debug|Any CPU.ActiveCfg = Debug|Any CPU
		{FCA17CB1-63DB-4762-8DC2-BAE711B8A997}.Debug|Any CPU.Build.0 = Debug|Any CPU
		{FCA17CB1-63DB-4762-8DC2-BAE711B8A997}.Release|Any CPU.ActiveCfg = Release|Any CPU
		{FCA17CB1-63DB-4762-8DC2-BAE711B8A997}.Release|Any CPU.Build.0 = Release|Any CPU
		{63E590A2-95A2-41AF-BECE-19032B65B2F7}.Debug|Any CPU.ActiveCfg = Debug|Any CPU
		{63E590A2-95A2-41AF-BECE-19032B65B2F7}.Debug|Any CPU.Build.0 = Debug|Any CPU
		{63E590A2-95A2-41AF-BECE-19032B65B2F7}.Release|Any CPU.ActiveCfg = Release|Any CPU
		{63E590A2-95A2-41AF-BECE-19032B65B2F7}.Release|Any CPU.Build.0 = Release|Any CPU
		{8537134B-B8E9-4E81-BF77-C16D0695BF3D}.Debug|Any CPU.ActiveCfg = Debug|Any CPU
		{8537134B-B8E9-4E81-BF77-C16D0695BF3D}.Debug|Any CPU.Build.0 = Debug|Any CPU
		{8537134B-B8E9-4E81-BF77-C16D0695BF3D}.Release|Any CPU.ActiveCfg = Release|Any CPU
		{8537134B-B8E9-4E81-BF77-C16D0695BF3D}.Release|Any CPU.Build.0 = Release|Any CPU
	EndGlobalSection
	GlobalSection(SolutionProperties) = preSolution
		HideSolutionNode = FALSE
	EndGlobalSection
	GlobalSection(ExtensibilityGlobals) = postSolution
		SolutionGuid = {9988CD64-6073-47A3-BC4C-E494983848DF}
	EndGlobalSection
EndGlobal
